dependencies:
  espressif/mdns:
    component_hash: e81ca7a7f53ea34e78274df054da692c272e1315572876b237b1748e267c013b
    dependencies:
    - name: idf
      require: private
      version: '>=5.0'
    source:
      registry_url: https://components.espressif.com/
      type: service
    version: 1.11.3
  idf:
    source:
      type: idf
    version: 6.0.2
direct_dependencies:
- espressif/mdns
manifest_hash: cf1955a9aaba6c66fb5b780d5428df5ad7579393ea4e1386169980ad90c29d6b
target: esp32s3
version: 3.0.0
