dependencies:
  espressif/mdns:
    component_hash: e81ca7a7f53ea34e78274df054da692c272e1315572876b237b1748e267c013b
    dependencies:
    - name: idf
      require: private
      version: '>=5.0'
    source:
      registry_url: https://components.espressif.com/
      type: service
    version: 1.11.3
  idf:
    source:
      type: idf
    version: 6.0.2
direct_dependencies:
- espressif/mdns
manifest_hash: b9548b2e0a14812f4d1e74ef9d60eb4d18f78e7b110f589082cef86f2287e3dd
target: esp32s3
version: 3.0.0
